// !$*UTF8*$!
{
	archiveVersion = 1;
	classes = {
	};
	objectVersion = 48;
	objects = {

/* Begin PBXBuildFile section */
		C1A004E31F62DC2C005276B1 /* AppDelegate.swift in Sources */ = {isa = PBXBuildFile; fileRef = C1A004E21F62DC2C005276B1 /* AppDelegate.swift */; };
		C1A004E51F62DC2C005276B1 /* ViewController.swift in Sources */ = {isa = PBXBuildFile; fileRef = C1A004E41F62DC2C005276B1 /* ViewController.swift */; };
		C1A004E71F62DC2C005276B1 /* Assets.xcassets in Resources */ = {isa = PBXBuildFile; fileRef = C1A004E61F62DC2C005276B1 /* Assets.xcassets */; };
		C1A004EA1F62DC2C005276B1 /* Main.storyboard in Resources */ = {isa = PBXBuildFile; fileRef = C1A004E81F62DC2C005276B1 /* Main.storyboard */; };
/* End PBXBuildFile section */

/* Begin PBXFileReference section */
		C1A004DF1F62DC2C005276B1 /* HelloGit.app */ = {isa = PBXFileReference; explicitFileType = wrapper.application; includeInIndex = 0; path = HelloGit.app; sourceTree = BUILT_PRODUCTS_DIR; };
		C1A004E21F62DC2C005276B1 /* AppDelegate.swift */ = {isa = PBXFileReference; lastKnownFileType = sourcecode.swift; path = AppDelegate.swift; sourceTree = "<group>"; };
		C1A004E41F62DC2C005276B1 /* ViewController.swift */ = {isa = PBXFileReference; lastKnownFileType = sourcecode.swift; path = ViewController.swift; sourceTree = "<group>"; };
		C1A004E61F62DC2C005276B1 /* Assets.xcassets */ = {isa = PBXFileReference; lastKnownFileType = folder.assetcatalog; path = Assets.xcassets; sourceTree = "<group>"; };
		C1A004E91F62DC2C005276B1 /* Base */ = {isa = PBXFileReference; lastKnownFileType = file.storyboard; name = Base; path = Base.lproj/Main.storyboard; sourceTree = "<group>"; };
		C1A004EB1F62DC2C005276B1 /* Info.plist */ = {isa = PBXFileReference; lastKnownFileType = text.plist.xml; path = Info.plist; sourceTree = "<group>"; };
		C1A004EC1F62DC2C005276B1 /* HelloGit.entitlements */ = {isa = PBXFileReference; lastKnownFileType = text.plist.entitlements; path = HelloGit.entitlements; sourceTree = "<group>"; };
/* End PBXFileReference section */

/* Begin PBXFrameworksBuildPhase section */
		C1A004DC1F62DC2C005276B1 /* Frameworks */ = {
			isa = PBXFrameworksBuildPhase;
			buildActionMask = 2147483647;
			files = (
			);
			runOnlyForDeploymentPostprocessing = 0;
		};
/* End PBXFrameworksBuildPhase section */

/* Begin PBXGroup section */
		C1A004D61F62DC2C005276B1 = {
			isa = PBXGroup;
			children = (
				C1A004E11F62DC2C005276B1 /* HelloGit */,
				C1A004E01F62DC2C005276B1 /* Products */,
			);
			sourceTree = "<group>";
		};
		C1A004E01F62DC2C005276B1 /* Products */ = {
			isa = PBXGroup;
			children = (
				C1A004DF1F62DC2C005276B1 /* HelloGit.app */,
			);
			name = Products;
			sourceTree = "<group>";
		};
		C1A004E11F62DC2C005276B1 /* HelloGit */ = {
			isa = PBXGroup;
			children = (
				C1A004E21F62DC2C005276B1 /* AppDelegate.swift */,
				C1A004E41F62DC2C005276B1 /* ViewController.swift */,
				C1A004E61F62DC2C005276B1 /* Assets.xcassets */,
				C1A004E81F62DC2C005276B1 /* Main.storyboard */,
				C1A004EB1F62DC2C005276B1 /* Info.plist */,
				C1A004EC1F62DC2C005276B1 /* HelloGit.entitlements */,
			);
			path = HelloGit;
			sourceTree = "<group>";
		};
/* End PBXGroup section */

/* Begin PBXNativeTarget section */
		C1A004DE1F62DC2C005276B1 /* HelloGit */ = {
			isa = PBXNativeTarget;
			buildConfigurationList = C1A004EF1F62DC2C005276B1 /* Build configuration list for PBXNativeTarget "HelloGit" */;
			buildPhases = (
				C1A004DB1F62DC2C005276B1 /* Sources */,
				C1A004DC1F62DC2C005276B1 /* Frameworks */,
				C1A004DD1F62DC2C005276B1 /* Resources */,
			);
			buildRules = (
			);
			dependencies = (
			);
			name = HelloGit;
			productName = HelloGit;
			productReference = C1A004DF1F62DC2C005276B1 /* HelloGit.app */;
			productType = "com.apple.product-type.application";
		};
/* End PBXNativeTarget section */

/* Begin PBXProject section */
		C1A004D71F62DC2C005276B1 /* Project object */ = {
			isa = PBXProject;
			attributes = {
				LastSwiftUpdateCheck = 0900;
				LastUpgradeCheck = 0900;
				ORGANIZATIONNAME = "대웅";
				TargetAttributes = {
					C1A004DE1F62DC2C005276B1 = {
						CreatedOnToolsVersion = 9.0;
					};
				};
			};
			buildConfigurationList = C1A004DA1F62DC2C005276B1 /* Build configuration list for PBXProject "HelloGit" */;
			compatibilityVersion = "Xcode 8.0";
			developmentRegion = en;
			hasScannedForEncodings = 0;
			knownRegions = (
				en,
				Base,
			);
			mainGroup = C1A004D61F62DC2C005276B1;
			productRefGroup = C1A004E01F62DC2C005276B1 /* Products */;
			projectDirPath = "";
			projectRoot = "";
			targets = (
				C1A004DE1F62DC2C005276B1 /* HelloGit */,
			);
		};
/* End PBXProject section */

/* Begin PBXResourcesBuildPhase section */
		C1A004DD1F62DC2C005276B1 /* Resources */ = {
			isa = PBXResourcesBuildPhase;
			buildActionMask = 2147483647;
			files = (
				C1A004E71F62DC2C005276B1 /* Assets.xcassets in Resources */,
				C1A004EA1F62DC2C005276B1 /* Main.storyboard in Resources */,
			);
			runOnlyForDeploymentPostprocessing = 0;
		};
/* End PBXResourcesBuildPhase section */

/* Begin PBXSourcesBuildPhase section */
		C1A004DB1F62DC2C005276B1 /* Sources */ = {
			isa = PBXSourcesBuildPhase;
			buildActionMask = 2147483647;
			files = (
				C1A004E51F62DC2C005276B1 /* ViewController.swift in Sources */,
				C1A004E31F62DC2C005276B1 /* AppDelegate.swift in Sources */,
			);
			runOnlyForDeploymentPostprocessing = 0;
		};
/* End PBXSourcesBuildPhase section */

/* Begin PBXVariantGroup section */
		C1A004E81F62DC2C005276B1 /* Main.storyboard */ = {
			isa = PBXVariantGroup;
			children = (
				C1A004E91F62DC2C005276B1 /* Base */,
			);
			name = Main.storyboard;
			sourceTree = "<group>";
		};
/* End PBXVariantGroup section */

/* Begin XCBuildConfiguration section */
		C1A004ED1F62DC2C005276B1 /* Debug */ = {
			isa = XCBuildConfiguration;
			buildSettings = {
				ALWAYS_SEARCH_USER_PATHS = NO;
				CLANG_ANALYZER_NONNULL = YES;
				CLANG_ANALYZER_NUMBER_OBJECT_CONVERSION = YES_AGGRESSIVE;
				CLANG_CXX_LANGUAGE_STANDARD = "gnu++14";
				CLANG_CXX_LIBRARY = "libc++";
				CLANG_ENABLE_MODULES = YES;
				CLANG_ENABLE_OBJC_ARC = YES;
				CLANG_WARN_BLOCK_CAPTURE_AUTORELEASING = YES;
				CLANG_WARN_BOOL_CONVERSION = YES;
				CLANG_WARN_COMMA = YES;
				CLANG_WARN_CONSTANT_CONVERSION = YES;
				CLANG_WARN_DIRECT_OBJC_ISA_USAGE = YES_ERROR;
				CLANG_WARN_DOCUMENTATION_COMMENTS = YES;
				CLANG_WARN_EMPTY_BODY = YES;
				CLANG_WARN_ENUM_CONVERSION = YES;
				CLANG_WARN_INFINITE_RECURSION = YES;
				CLANG_WARN_INT_CONVERSION = YES;
				CLANG_WARN_NON_LITERAL_NULL_CONVERSION = YES;
				CLANG_WARN_OBJC_LITERAL_CONVERSION = YES;
				CLANG_WARN_OBJC_ROOT_CLASS = YES_ERROR;
				CLANG_WARN_RANGE_LOOP_ANALYSIS = YES;
				CLANG_WARN_STRICT_PROTOTYPES = YES;
				CLANG_WARN_SUSPICIOUS_MOVE = YES;
				CLANG_WARN_UNGUARDED_AVAILABILITY = YES_AGGRESSIVE;
				CLANG_WARN_UNREACHABLE_CODE = YES;
				CLANG_WARN__DUPLICATE_METHOD_MATCH = YES;
				CODE_SIGN_IDENTITY = "-";
				COPY_PHASE_STRIP = NO;
				DEBUG_INFORMATION_FORMAT = dwarf;
				ENABLE_STRICT_OBJC_MSGSEND = YES;
				ENABLE_TESTABILITY = YES;
				GCC_C_LANGUAGE_STANDARD = gnu11;
				GCC_DYNAMIC_NO_PIC = NO;
				GCC_NO_COMMON_BLOCKS = YES;
				GCC_OPTIMIZATION_LEVEL = 0;
				GCC_PREPROCESSOR_DEFINITIONS = (
					"DEBUG=1",
					"$(inherited)",
				);
				GCC_WARN_64_TO_32_BIT_CONVERSION = YES;
				GCC_WARN_ABOUT_RETURN_TYPE = YES_ERROR;
				GCC_WARN_UNDECLARED_SELECTOR = YES;
				GCC_WARN_UNINITIALIZED_AUTOS = YES_AGGRESSIVE;
				GCC_WARN_UNUSED_FUNCTION = YES;
				GCC_WARN_UNUSED_VARIABLE = YES;
				MACOSX_DEPLOYMENT_TARGET = 10.12;
				MTL_ENABLE_DEBUG_INFO = YES;
				ONLY_ACTIVE_ARCH = YES;
				SDKROOT = macosx;
				SWIFT_ACTIVE_COMPILATION_CONDITIONS = DEBUG;
				SWIFT_OPTIMIZATION_LEVEL = "-Onone";
			};
			name = Debug;
		};
		C1A004EE1F62DC2C005276B1 /* Release */ = {
			isa = XCBuildConfiguration;
			buildSettings = {
				ALWAYS_SEARCH_USER_PATHS = NO;
				CLANG_ANALYZER_NONNULL = YES;
				CLANG_ANALYZER_NUMBER_OBJECT_CONVERSION = YES_AGGRESSIVE;
				CLANG_CXX_LANGUAGE_STANDARD = "gnu++14";
				CLANG_CXX_LIBRARY = "libc++";
				CLANG_ENABLE_MODULES = YES;
				CLANG_ENABLE_OBJC_ARC = YES;
				CLANG_WARN_BLOCK_CAPTURE_AUTORELEASING = YES;
				CLANG_WARN_BOOL_CONVERSION = YES;
				CLANG_WARN_COMMA = YES;
				CLANG_WARN_CONSTANT_CONVERSION = YES;
				CLANG_WARN_DIRECT_OBJC_ISA_USAGE = YES_ERROR;
				CLANG_WARN_DOCUMENTATION_COMMENTS = YES;
				CLANG_WARN_EMPTY_BODY = YES;
				CLANG_WARN_ENUM_CONVERSION = YES;
				CLANG_WARN_INFINITE_RECURSION = YES;
				CLANG_WARN_INT_CONVERSION = YES;
				CLANG_WARN_NON_LITERAL_NULL_CONVERSION = YES;
				CLANG_WARN_OBJC_LITERAL_CONVERSION = YES;
				CLANG_WARN_OBJC_ROOT_CLASS = YES_ERROR;
				CLANG_WARN_RANGE_LOOP_ANALYSIS = YES;
				CLANG_WARN_STRICT_PROTOTYPES = YES;
				CLANG_WARN_SUSPICIOUS_MOVE = YES;
				CLANG_WARN_UNGUARDED_AVAILABILITY = YES_AGGRESSIVE;
				CLANG_WARN_UNREACHABLE_CODE = YES;
				CLANG_WARN__DUPLICATE_METHOD_MATCH = YES;
				CODE_SIGN_IDENTITY = "-";
				COPY_PHASE_STRIP = NO;
				DEBUG_INFORMATION_FORMAT = "dwarf-with-dsym";
				ENABLE_NS_ASSERTIONS = NO;
				ENABLE_STRICT_OBJC_MSGSEND = YES;
				GCC_C_LANGUAGE_STANDARD = gnu11;
				GCC_NO_COMMON_BLOCKS = YES;
				GCC_WARN_64_TO_32_BIT_CONVERSION = YES;
				GCC_WARN_ABOUT_RETURN_TYPE = YES_ERROR;
				GCC_WARN_UNDECLARED_SELECTOR = YES;
				GCC_WARN_UNINITIALIZED_AUTOS = YES_AGGRESSIVE;
				GCC_WARN_UNUSED_FUNCTION = YES;
				GCC_WARN_UNUSED_VARIABLE = YES;
				MACOSX_DEPLOYMENT_TARGET = 10.12;
				MTL_ENABLE_DEBUG_INFO = NO;
				SDKROOT = macosx;
				SWIFT_OPTIMIZATION_LEVEL = "-Owholemodule";
			};
			name = Release;
		};
		C1A004F01F62DC2C005276B1 /* Debug */ = {
			isa = XCBuildConfiguration;
			buildSettings = {
				ASSETCATALOG_COMPILER_APPICON_NAME = AppIcon;
				CODE_SIGN_ENTITLEMENTS = HelloGit/HelloGit.entitlements;
				COMBINE_HIDPI_IMAGES = YES;
				INFOPLIST_FILE = HelloGit/Info.plist;
				LD_RUNPATH_SEARCH_PATHS = "$(inherited) @executable_path/../Frameworks";
				PRODUCT_BUNDLE_IDENTIFIER = kr.smartflow.HelloGit;
				PRODUCT_NAME = "$(TARGET_NAME)";
				SWIFT_VERSION = 4.0;
			};
			name = Debug;
		};
		C1A004F11F62DC2C005276B1 /* Release */ = {
			isa = XCBuildConfiguration;
			buildSettings = {
				ASSETCATALOG_COMPILER_APPICON_NAME = AppIcon;
				CODE_SIGN_ENTITLEMENTS = HelloGit/HelloGit.entitlements;
				COMBINE_HIDPI_IMAGES = YES;
				INFOPLIST_FILE = HelloGit/Info.plist;
				LD_RUNPATH_SEARCH_PATHS = "$(inherited) @executable_path/../Frameworks";
				PRODUCT_BUNDLE_IDENTIFIER = kr.smartflow.HelloGit;
				PRODUCT_NAME = "$(TARGET_NAME)";
				SWIFT_VERSION = 4.0;
			};
			name = Release;
		};
/* End XCBuildConfiguration section */

/* Begin XCConfigurationList section */
		C1A004DA1F62DC2C005276B1 /* Build configuration list for PBXProject "HelloGit" */ = {
			isa = XCConfigurationList;
			buildConfigurations = (
				C1A004ED1F62DC2C005276B1 /* Debug */,
				C1A004EE1F62DC2C005276B1 /* Release */,
			);
			defaultConfigurationIsVisible = 0;
			defaultConfigurationName = Release;
		};
		C1A004EF1F62DC2C005276B1 /* Build configuration list for PBXNativeTarget "HelloGit" */ = {
			isa = XCConfigurationList;
			buildConfigurations = (
				C1A004F01F62DC2C005276B1 /* Debug */,
				C1A004F11F62DC2C005276B1 /* Release */,
			);
			defaultConfigurationIsVisible = 0;
		};
/* End XCConfigurationList section */
	};
	rootObject = C1A004D71F62DC2C005276B1 /* Project object */;
}
